
Microsoft Visual Studio Solution File, Format Version 12.00
# Visual Studio Version 16
VisualStudioVersion = 16.0.30320.27
MinimumVisualStudioVersion = 10.0.40219.1
Project("{9A19103F-16F7-4668-BE54-9A1E7A4F7556}") = "Template.Api", "Template.Api\Template.Api.csproj", "{542947D5-BD7A-462A-A949-5C9D79D32B99}"
EndProject
Project("{FAE04EC0-301F-11D3-BF4B-00C04F79EFBC}") = "Template.Service", "Template.Service\Template.Service.csproj", "{01723BB0-4F73-45E5-9FFE-4418E1954A30}"
EndProject
Project("{FAE04EC0-301F-11D3-BF4B-00C04F79EFBC}") = "Template.Data", "Template.Data\Template.Data.csproj", "{5FCF7076-1E38-406C-9A82-F536404D5825}"
EndProject
Global
	GlobalSection(SolutionConfigurationPlatforms) = preSolution
		Debug|Any CPU = Debug|Any CPU
		Release|Any CPU = Release|Any CPU
	EndGlobalSection
	GlobalSection(ProjectConfigurationPlatforms) = postSolution
		{542947D5-BD7A-462A-A949-5C9D79D32B99}.Debug|Any CPU.ActiveCfg = Debug|Any CPU
		{542947D5-BD7A-462A-A949-5C9D79D32B99}.Debug|Any CPU.Build.0 = Debug|Any CPU
		{542947D5-BD7A-462A-A949-5C9D79D32B99}.Release|Any CPU.ActiveCfg = Release|Any CPU
		{542947D5-BD7A-462A-A949-5C9D79D32B99}.Release|Any CPU.Build.0 = Release|Any CPU
		{01723BB0-4F73-45E5-9FFE-4418E1954A30}.Debug|Any CPU.ActiveCfg = Debug|Any CPU
		{01723BB0-4F73-45E5-9FFE-4418E1954A30}.Debug|Any CPU.Build.0 = Debug|Any CPU
		{01723BB0-4F73-45E5-9FFE-4418E1954A30}.Release|Any CPU.ActiveCfg = Release|Any CPU
		{01723BB0-4F73-45E5-9FFE-4418E1954A30}.Release|Any CPU.Build.0 = Release|Any CPU
		{5FCF7076-1E38-406C-9A82-F536404D5825}.Debug|Any CPU.ActiveCfg = Debug|Any CPU
		{5FCF7076-1E38-406C-9A82-F536404D5825}.Debug|Any CPU.Build.0 = Debug|Any CPU
		{5FCF7076-1E38-406C-9A82-F536404D5825}.Release|Any CPU.ActiveCfg = Release|Any CPU
		{5FCF7076-1E38-406C-9A82-F536404D5825}.Release|Any CPU.Build.0 = Release|Any CPU
	EndGlobalSection
	GlobalSection(SolutionProperties) = preSolution
		HideSolutionNode = FALSE
	EndGlobalSection
	GlobalSection(ExtensibilityGlobals) = postSolution
		SolutionGuid = {623DF9CA-DC8C-42B7-B20E-8D331DFDDC4E}
	EndGlobalSection
EndGlobal
